<?xml version="1.0" encoding="utf-8"?>
<Project ToolsVersion="4.0" xmlns="http://schemas.microsoft.com/developer/msbuild/2003">
  <ItemGroup>
    <Filter Include="소스 파일">
      <UniqueIdentifier>{4FC737F1-C7A5-4376-A066-2A32D752A2FF}</UniqueIdentifier>
      <Extensions>cpp;c;cc;cxx;def;odl;idl;hpj;bat;asm;asmx</Extensions>
    </Filter>
    <Filter Include="헤더 파일">
      <UniqueIdentifier>{93995380-89BD-4b04-88EB-625FBE52EBFB}</UniqueIdentifier>
      <Extensions>h;hh;hpp;hxx;hm;inl;inc;xsd</Extensions>
    </Filter>
    <Filter Include="리소스 파일">
      <UniqueIdentifier>{67DA6AB6-F800-4c08-8B7A-83BB121AAD01}</UniqueIdentifier>
      <Extensions>rc;ico;cur;bmp;dlg;rc2;rct;bin;rgs;gif;jpg;jpeg;jpe;resx;tiff;tif;png;wav;mfcribbon-ms</Extensions>
    </Filter>
    <Filter Include="CoreEngine">
      <UniqueIdentifier>{76729a98-510c-4c34-9bbf-477740529e8d}</UniqueIdentifier>
    </Filter>
    <Filter Include="SoundEngine">
      <UniqueIdentifier>{a80b1b80-82b4-4b13-9e11-20e0d23309ed}</UniqueIdentifier>
    </Filter>
    <Filter Include="CoreEngine\Application">
      <UniqueIdentifier>{b0c76670-03e2-4d69-981a-7f842f388db6}</UniqueIdentifier>
    </Filter>
    <Filter Include="CoreEngine\Nodes">
      <UniqueIdentifier>{ce8e046c-c6a6-4bcd-90cc-273feb14a21b}</UniqueIdentifier>
    </Filter>
    <Filter Include="CoreEngine\Nodes\Camera">
      <UniqueIdentifier>{8771d11d-4adf-413a-be46-e643b4c7611e}</UniqueIdentifier>
    </Filter>
    <Filter Include="CoreEngine\Nodes\Camera\FirstPersonCamera">
      <UniqueIdentifier>{e61a4ecd-a931-4edc-a2e0-26c935bd2d18}</UniqueIdentifier>
    </Filter>
    <Filter Include="CoreEngine\Nodes\Camera\ThirdPersonCamera">
      <UniqueIdentifier>{67d8fe07-fa85-401c-ab75-9585938a3823}</UniqueIdentifier>
    </Filter>
    <Filter Include="CoreEngine\Nodes\Light">
      <UniqueIdentifier>{720f236c-625c-4e3b-bdcd-09b1edefe946}</UniqueIdentifier>
    </Filter>
    <Filter Include="CoreEngine\Nodes\Mesh">
      <UniqueIdentifier>{28b30c09-c293-47d7-be27-66936e2e6636}</UniqueIdentifier>
    </Filter>
    <Filter Include="CoreEngine\Nodes\Scene">
      <UniqueIdentifier>{6962f85e-4336-4b2f-9098-7addd0eee2f7}</UniqueIdentifier>
    </Filter>
    <Filter Include="CoreEngine\Nodes\Ground">
      <UniqueIdentifier>{898897ac-3fdb-435b-9f12-44eb9545b50f}</UniqueIdentifier>
    </Filter>
  </ItemGroup>
  <ItemGroup>
    <ClInclude Include="Stdafx.h">
      <Filter>헤더 파일</Filter>
    </ClInclude>
    <ClInclude Include="resource.h">
      <Filter>헤더 파일</Filter>
    </ClInclude>
    <ClInclude Include="Node.h">
      <Filter>CoreEngine\Nodes</Filter>
    </ClInclude>
    <ClInclude Include="Application.h">
      <Filter>CoreEngine\Application</Filter>
    </ClInclude>
    <ClInclude Include="Scene.h">
      <Filter>CoreEngine\Nodes\Scene</Filter>
    </ClInclude>
    <ClInclude Include="Ground.h">
      <Filter>CoreEngine\Nodes\Ground</Filter>
    </ClInclude>
    <ClInclude Include="ThirdPersonCamera.h">
      <Filter>CoreEngine\Nodes\Camera\ThirdPersonCamera</Filter>
    </ClInclude>
    <ClInclude Include="Camera.h">
      <Filter>CoreEngine\Nodes\Camera</Filter>
    </ClInclude>
    <ClInclude Include="Light.h">
      <Filter>CoreEngine\Nodes\Light</Filter>
    </ClInclude>
    <ClInclude Include="SunLight.h">
      <Filter>CoreEngine\Nodes\Light</Filter>
    </ClInclude>
    <ClInclude Include="TT.h">
      <Filter>CoreEngine\Nodes</Filter>
    </ClInclude>
  </ItemGroup>
  <ItemGroup>
    <ClCompile Include="AssemblyInfo.cpp">
      <Filter>소스 파일</Filter>
    </ClCompile>
    <ClCompile Include="Stdafx.cpp">
      <Filter>소스 파일</Filter>
    </ClCompile>
    <ClCompile Include="Node.cpp">
      <Filter>CoreEngine\Nodes</Filter>
    </ClCompile>
    <ClCompile Include="Application.cpp">
      <Filter>CoreEngine\Application</Filter>
    </ClCompile>
    <ClCompile Include="Scene.cpp">
      <Filter>CoreEngine\Nodes\Scene</Filter>
    </ClCompile>
    <ClCompile Include="Ground.cpp">
      <Filter>CoreEngine\Nodes\Ground</Filter>
    </ClCompile>
    <ClCompile Include="ThirdPersonCamera.cpp">
      <Filter>CoreEngine\Nodes\Camera\ThirdPersonCamera</Filter>
    </ClCompile>
    <ClCompile Include="Camera.cpp">
      <Filter>CoreEngine\Nodes\Camera</Filter>
    </ClCompile>
    <ClCompile Include="Light.cpp">
      <Filter>CoreEngine\Nodes\Light</Filter>
    </ClCompile>
    <ClCompile Include="SunLight.cpp">
      <Filter>CoreEngine\Nodes\Light</Filter>
    </ClCompile>
    <ClCompile Include="TT.cpp">
      <Filter>CoreEngine\Nodes</Filter>
    </ClCompile>
    <ClCompile Include="JsonParser.cpp">
      <Filter>CoreEngine</Filter>
    </ClCompile>
  </ItemGroup>
  <ItemGroup>
    <ResourceCompile Include="app.rc">
      <Filter>리소스 파일</Filter>
    </ResourceCompile>
  </ItemGroup>
  <ItemGroup>
    <Image Include="app.ico">
      <Filter>리소스 파일</Filter>
    </Image>
  </ItemGroup>
</Project>