<?xml version="1.0" encoding="utf-8"?>
<Project ToolsVersion="4.0" xmlns="http://schemas.microsoft.com/developer/msbuild/2003">
  <ItemGroup>
    <Filter Include="PreCompile">
      <UniqueIdentifier>{15caa42c-7365-47f6-a295-236014110eb9}</UniqueIdentifier>
    </Filter>
    <Filter Include="Renderer">
      <UniqueIdentifier>{999618ca-60e1-40e4-9955-1f4131d1672e}</UniqueIdentifier>
    </Filter>
    <Filter Include="Application">
      <UniqueIdentifier>{7b20f4dd-3cd2-4412-ac83-a5c6d2f697a7}</UniqueIdentifier>
    </Filter>
    <Filter Include="Resource">
      <UniqueIdentifier>{52adef2a-c716-4b30-9717-39dee0973c58}</UniqueIdentifier>
    </Filter>
    <Filter Include="Resource\Material">
      <UniqueIdentifier>{a293f269-92b9-4b7c-a785-dc401306b67a}</UniqueIdentifier>
    </Filter>
    <Filter Include="Resource\Animation">
      <UniqueIdentifier>{8359f5ab-50bb-4f89-99d2-265923d6d596}</UniqueIdentifier>
    </Filter>
    <Filter Include="Resource\Shader">
      <UniqueIdentifier>{d946d3fa-0cc2-4c22-b024-b80a98ef3982}</UniqueIdentifier>
    </Filter>
    <Filter Include="PreCompile\ProjectSet">
      <UniqueIdentifier>{337314f1-c74e-4691-a017-36fcb2b0dff3}</UniqueIdentifier>
    </Filter>
    <Filter Include="Util">
      <UniqueIdentifier>{607c8b83-13c9-46e3-b0fe-2c4948120576}</UniqueIdentifier>
    </Filter>
    <Filter Include="Util\Ease">
      <UniqueIdentifier>{68821429-356e-4abb-9142-5311c61843ca}</UniqueIdentifier>
    </Filter>
    <Filter Include="Util\OS">
      <UniqueIdentifier>{b8e5c00b-53fd-4bc3-9761-ba02b16822e2}</UniqueIdentifier>
    </Filter>
    <Filter Include="Nodes">
      <UniqueIdentifier>{28ae6912-610d-4e51-9a8a-665f978e5f63}</UniqueIdentifier>
    </Filter>
    <Filter Include="Nodes\Light">
      <UniqueIdentifier>{121bb8dd-ff81-423c-956f-4a726e95ac9f}</UniqueIdentifier>
    </Filter>
    <Filter Include="Nodes\Camera">
      <UniqueIdentifier>{b81412ae-ae2e-4fe3-a246-fcd3f49cd85e}</UniqueIdentifier>
    </Filter>
    <Filter Include="Nodes\Scene">
      <UniqueIdentifier>{88d4f64d-f833-41e8-beb2-95696c80c04a}</UniqueIdentifier>
    </Filter>
    <Filter Include="MouseEvent">
      <UniqueIdentifier>{f9e5a9ca-422b-4c97-a5e5-308886feecec}</UniqueIdentifier>
    </Filter>
    <Filter Include="NetworkEvent">
      <UniqueIdentifier>{275819b0-0461-4f7b-93a6-28c52f5fc778}</UniqueIdentifier>
    </Filter>
    <Filter Include="NetworkEvent\NetworkEventDispatcher">
      <UniqueIdentifier>{64ea9421-3276-4a61-a3e3-bc2c58e0911b}</UniqueIdentifier>
    </Filter>
    <Filter Include="NetworkEvent\NetworkEventHandler">
      <UniqueIdentifier>{b13790b3-3373-402d-9960-c00d59334c52}</UniqueIdentifier>
    </Filter>
    <Filter Include="NetworkEvent\NetworkEventDelegate">
      <UniqueIdentifier>{d8263d31-610a-4fd1-ab3d-822f3d74a7b4}</UniqueIdentifier>
    </Filter>
    <Filter Include="NetworkSystem">
      <UniqueIdentifier>{22fa143c-8466-40b9-ab1f-39a4de8dd7b9}</UniqueIdentifier>
    </Filter>
    <Filter Include="EventInterface">
      <UniqueIdentifier>{c6d2da3e-2f41-4af5-bbc6-194d2cd2fb12}</UniqueIdentifier>
    </Filter>
    <Filter Include="%2aInputManager">
      <UniqueIdentifier>{07c7bae7-ea8d-43d8-b76e-1b79049c91b1}</UniqueIdentifier>
    </Filter>
    <Filter Include="KeyEvent">
      <UniqueIdentifier>{6964865c-ba1b-4e86-8130-68eecb521ca4}</UniqueIdentifier>
    </Filter>
    <Filter Include="Util\DataStructure">
      <UniqueIdentifier>{dac80cc4-ac0b-4245-a5c2-fad35c579594}</UniqueIdentifier>
    </Filter>
    <Filter Include="Nodes\SkinnedMesh">
      <UniqueIdentifier>{40a1effc-cd23-494c-bda7-bd2447e79645}</UniqueIdentifier>
    </Filter>
    <Filter Include="Nodes\CollisionBox">
      <UniqueIdentifier>{0c19ec2f-46fc-4ade-9266-d452f00736e4}</UniqueIdentifier>
    </Filter>
    <Filter Include="Resource\Json">
      <UniqueIdentifier>{db9de6e6-625d-4f23-b75a-5f1ce0c377ad}</UniqueIdentifier>
    </Filter>
    <Filter Include="Util\ConsoleManager">
      <UniqueIdentifier>{81793986-cda7-4f11-8948-b2fbbf48362c}</UniqueIdentifier>
    </Filter>
    <Filter Include="Nodes\SkyBox">
      <UniqueIdentifier>{baf6d52c-1df6-452a-b849-c0d316509e55}</UniqueIdentifier>
    </Filter>
    <Filter Include="CoreObject">
      <UniqueIdentifier>{fb5d549b-82eb-4e04-aec0-2a05414e579b}</UniqueIdentifier>
    </Filter>
    <Filter Include="Resource\Texture">
      <UniqueIdentifier>{83248828-67e9-440c-897a-7b5781b1c881}</UniqueIdentifier>
    </Filter>
    <Filter Include="Nodes\Ground">
      <UniqueIdentifier>{c194e3a0-99fa-47c5-a248-1d7870d6997e}</UniqueIdentifier>
    </Filter>
    <Filter Include="Nodes\Sound">
      <UniqueIdentifier>{ea0a0205-5af7-4ada-93b1-428fcb5b2975}</UniqueIdentifier>
    </Filter>
  </ItemGroup>
  <ItemGroup>
    <ClInclude Include="stdafx.h">
      <Filter>PreCompile</Filter>
    </ClInclude>
    <ClInclude Include="targetver.h">
      <Filter>PreCompile</Filter>
    </ClInclude>
    <ClInclude Include="Application.h">
      <Filter>Application</Filter>
    </ClInclude>
    <ClInclude Include="Object.h">
      <Filter>CoreObject</Filter>
    </ClInclude>
    <ClInclude Include="LibSet.h">
      <Filter>PreCompile\ProjectSet</Filter>
    </ClInclude>
    <ClInclude Include="MacroSet.h">
      <Filter>PreCompile\ProjectSet</Filter>
    </ClInclude>
    <ClInclude Include="Scene.h">
      <Filter>Nodes\Scene</Filter>
    </ClInclude>
    <ClInclude Include="Camera.h">
      <Filter>Nodes\Camera</Filter>
    </ClInclude>
    <ClInclude Include="Light.h">
      <Filter>Nodes\Light</Filter>
    </ClInclude>
    <ClInclude Include="Node.h">
      <Filter>Nodes</Filter>
    </ClInclude>
    <ClInclude Include="Resource.h">
      <Filter>Resource</Filter>
    </ClInclude>
    <ClInclude Include="Material.h">
      <Filter>Resource\Material</Filter>
    </ClInclude>
    <ClInclude Include="Animation.h">
      <Filter>Resource\Animation</Filter>
    </ClInclude>
    <ClInclude Include="Shader.h">
      <Filter>Resource\Shader</Filter>
    </ClInclude>
    <ClInclude Include="Texture2D.h">
      <Filter>Resource\Texture</Filter>
    </ClInclude>
    <ClInclude Include="InputManager.h">
      <Filter>%2aInputManager</Filter>
    </ClInclude>
    <ClInclude Include="NetworkSystem.h">
      <Filter>NetworkSystem</Filter>
    </ClInclude>
    <ClInclude Include="ObjectPool.h">
      <Filter>Util\DataStructure</Filter>
    </ClInclude>
    <ClInclude Include="JsonParser.h">
      <Filter>Resource\Json</Filter>
    </ClInclude>
    <ClInclude Include="SkinnedMesh.h">
      <Filter>Nodes\SkinnedMesh</Filter>
    </ClInclude>
    <ClInclude Include="CollisionBox.h">
      <Filter>Nodes\CollisionBox</Filter>
    </ClInclude>
    <ClInclude Include="ConsoleManager.h">
      <Filter>Util\ConsoleManager</Filter>
    </ClInclude>
    <ClInclude Include="BaseHandler.h" />
    <ClInclude Include="CircularBuffer.h">
      <Filter>Util\DataStructure</Filter>
    </ClInclude>
    <ClInclude Include="PacketHeader.h">
      <Filter>NetworkSystem</Filter>
    </ClInclude>
    <ClInclude Include="SkyBox.h">
      <Filter>Nodes\SkyBox</Filter>
    </ClInclude>
    <ClInclude Include="Mesh.h">
      <Filter>Nodes\SkinnedMesh</Filter>
    </ClInclude>
    <ClInclude Include="PooMath.h">
      <Filter>Util\Ease</Filter>
    </ClInclude>
    <ClInclude Include="ObjectManager.h">
      <Filter>CoreObject</Filter>
    </ClInclude>
    <ClInclude Include="D3D9Renderer.h">
      <Filter>Renderer</Filter>
    </ClInclude>
    <ClInclude Include="ResourceManager.h">
      <Filter>Resource</Filter>
    </ClInclude>
    <ClInclude Include="EventProcess.h">
      <Filter>EventInterface</Filter>
    </ClInclude>
    <ClInclude Include="Event.h">
      <Filter>EventInterface</Filter>
    </ClInclude>
    <ClInclude Include="EventHandler.h">
      <Filter>EventInterface</Filter>
    </ClInclude>
    <ClInclude Include="EventDispatcher.h">
      <Filter>EventInterface</Filter>
    </ClInclude>
    <ClInclude Include="EventDelegate.h">
      <Filter>EventInterface</Filter>
    </ClInclude>
    <ClInclude Include="KeyEvent.h">
      <Filter>KeyEvent</Filter>
    </ClInclude>
    <ClInclude Include="KeyEventDelegate.h">
      <Filter>KeyEvent</Filter>
    </ClInclude>
    <ClInclude Include="KeyEventDispatcher.h">
      <Filter>KeyEvent</Filter>
    </ClInclude>
    <ClInclude Include="KeyEventHandler.h">
      <Filter>KeyEvent</Filter>
    </ClInclude>
    <ClInclude Include="MouseEvent.h">
      <Filter>MouseEvent</Filter>
    </ClInclude>
    <ClInclude Include="MouseEventDelegate.h">
      <Filter>MouseEvent</Filter>
    </ClInclude>
    <ClInclude Include="MouseEventDispatcher.h">
      <Filter>MouseEvent</Filter>
    </ClInclude>
    <ClInclude Include="MouseEventHandler.h">
      <Filter>MouseEvent</Filter>
    </ClInclude>
    <ClInclude Include="CollisionManager.h">
      <Filter>Nodes\CollisionBox</Filter>
    </ClInclude>
    <ClInclude Include="ThirdPersonCamera.h">
      <Filter>Nodes\Camera</Filter>
    </ClInclude>
    <ClInclude Include="FirstPersonCamera.h">
      <Filter>Nodes\Camera</Filter>
    </ClInclude>
    <ClInclude Include="SceneManager.h">
      <Filter>Nodes\Scene</Filter>
    </ClInclude>
    <ClInclude Include="SunLight.h">
      <Filter>Nodes\Light</Filter>
    </ClInclude>
    <ClInclude Include="TextureCube.h">
      <Filter>Resource\Texture</Filter>
    </ClInclude>
    <ClInclude Include="FBXMesh.h">
      <Filter>Nodes\SkinnedMesh</Filter>
    </ClInclude>
    <ClInclude Include="XMesh.h">
      <Filter>Nodes\SkinnedMesh</Filter>
    </ClInclude>
    <ClInclude Include="Ground.h">
      <Filter>Nodes\Ground</Filter>
    </ClInclude>
    <ClInclude Include="SoundManager.h">
      <Filter>Nodes\Sound</Filter>
    </ClInclude>
    <ClInclude Include="SoundBox.h">
      <Filter>Nodes\Sound</Filter>
    </ClInclude>
    <ClInclude Include="Sprite.h" />
    <ClInclude Include="BillBoard.h">
      <Filter>Nodes\SkinnedMesh</Filter>
    </ClInclude>
  </ItemGroup>
  <ItemGroup>
    <ClCompile Include="stdafx.cpp">
      <Filter>PreCompile</Filter>
    </ClCompile>
    <ClCompile Include="CoreEngine.cpp" />
    <ClCompile Include="Application.cpp">
      <Filter>Application</Filter>
    </ClCompile>
    <ClCompile Include="Object.cpp">
      <Filter>CoreObject</Filter>
    </ClCompile>
    <ClCompile Include="Scene.cpp">
      <Filter>Nodes\Scene</Filter>
    </ClCompile>
    <ClCompile Include="Camera.cpp">
      <Filter>Nodes\Camera</Filter>
    </ClCompile>
    <ClCompile Include="Light.cpp">
      <Filter>Nodes\Light</Filter>
    </ClCompile>
    <ClCompile Include="Node.cpp">
      <Filter>Nodes</Filter>
    </ClCompile>
    <ClCompile Include="Resource.cpp">
      <Filter>Resource</Filter>
    </ClCompile>
    <ClCompile Include="Material.cpp">
      <Filter>Resource\Material</Filter>
    </ClCompile>
    <ClCompile Include="Animation.cpp">
      <Filter>Resource\Animation</Filter>
    </ClCompile>
    <ClCompile Include="Shader.cpp">
      <Filter>Resource\Shader</Filter>
    </ClCompile>
    <ClCompile Include="Texture2D.cpp">
      <Filter>Resource\Texture</Filter>
    </ClCompile>
    <ClCompile Include="InputManager.cpp">
      <Filter>%2aInputManager</Filter>
    </ClCompile>
    <ClCompile Include="NetworkSystem.cpp">
      <Filter>NetworkSystem</Filter>
    </ClCompile>
    <ClCompile Include="JsonParser.cpp">
      <Filter>Resource\Json</Filter>
    </ClCompile>
    <ClCompile Include="SkinnedMesh.cpp">
      <Filter>Nodes\SkinnedMesh</Filter>
    </ClCompile>
    <ClCompile Include="CollisionBox.cpp">
      <Filter>Nodes\CollisionBox</Filter>
    </ClCompile>
    <ClCompile Include="ConsoleManager.cpp">
      <Filter>Util\ConsoleManager</Filter>
    </ClCompile>
    <ClCompile Include="CircularBuffer.cpp">
      <Filter>Util\DataStructure</Filter>
    </ClCompile>
    <ClCompile Include="SkyBox.cpp">
      <Filter>Nodes\SkyBox</Filter>
    </ClCompile>
    <ClCompile Include="Mesh.cpp">
      <Filter>Nodes\SkinnedMesh</Filter>
    </ClCompile>
    <ClCompile Include="ObjectManager.cpp">
      <Filter>CoreObject</Filter>
    </ClCompile>
    <ClCompile Include="D3D9Renderer.cpp">
      <Filter>Renderer</Filter>
    </ClCompile>
    <ClCompile Include="ResourceManager.cpp">
      <Filter>Resource</Filter>
    </ClCompile>
    <ClCompile Include="EventProcess.cpp">
      <Filter>EventInterface</Filter>
    </ClCompile>
    <ClCompile Include="EventHandler.cpp">
      <Filter>EventInterface</Filter>
    </ClCompile>
    <ClCompile Include="EventDispatcher.cpp">
      <Filter>EventInterface</Filter>
    </ClCompile>
    <ClCompile Include="KeyEventDispatcher.cpp">
      <Filter>KeyEvent</Filter>
    </ClCompile>
    <ClCompile Include="KeyEventHandler.cpp">
      <Filter>KeyEvent</Filter>
    </ClCompile>
    <ClCompile Include="MouseEventDispatcher.cpp">
      <Filter>MouseEvent</Filter>
    </ClCompile>
    <ClCompile Include="MouseEventHandler.cpp">
      <Filter>MouseEvent</Filter>
    </ClCompile>
    <ClCompile Include="CollisionManager.cpp">
      <Filter>Nodes\CollisionBox</Filter>
    </ClCompile>
    <ClCompile Include="ThirdPersonCamera.cpp">
      <Filter>Nodes\Camera</Filter>
    </ClCompile>
    <ClCompile Include="FirstPersonCamera.cpp">
      <Filter>Nodes\Camera</Filter>
    </ClCompile>
    <ClCompile Include="SceneManager.cpp">
      <Filter>Nodes\Scene</Filter>
    </ClCompile>
    <ClCompile Include="SunLight.cpp">
      <Filter>Nodes\Light</Filter>
    </ClCompile>
    <ClCompile Include="TextureCube.cpp">
      <Filter>Resource\Texture</Filter>
    </ClCompile>
    <ClCompile Include="FBXMesh.cpp">
      <Filter>Nodes\SkinnedMesh</Filter>
    </ClCompile>
    <ClCompile Include="XMesh.cpp">
      <Filter>Nodes\SkinnedMesh</Filter>
    </ClCompile>
    <ClCompile Include="Ground.cpp">
      <Filter>Nodes\Ground</Filter>
    </ClCompile>
    <ClCompile Include="SoundManager.cpp">
      <Filter>Nodes\Sound</Filter>
    </ClCompile>
    <ClCompile Include="SoundBox.cpp">
      <Filter>Nodes\Sound</Filter>
    </ClCompile>
    <ClCompile Include="Sprite.cpp" />
    <ClCompile Include="BillBoard.cpp">
      <Filter>Nodes\SkinnedMesh</Filter>
    </ClCompile>
  </ItemGroup>
  <ItemGroup>
    <None Include="README.md" />
    <None Include="ClassDiagram.cd" />
  </ItemGroup>
</Project>